# THIS IS AN AUTOGENERATED FILE. DO NOT EDIT THIS FILE DIRECTLY.
# yarn lockfile v1


"@emnapi/runtime@^1.2.0":
  version "1.3.1"
  resolved "https://registry.yarnpkg.com/@emnapi/runtime/-/runtime-1.3.1.tgz#0fcaa575afc31f455fd33534c19381cfce6c6f60"
  integrity sha512-kEBmG8KyqtxJZv+ygbEim+KCGtIq1fC22Ms3S4ziXmYKm8uyoLX0MHONVKwp+9opg390VaKRNt4a7A9NwmpNhw==
  dependencies:
    tslib "^2.4.0"

"@floating-ui/core@^1.6.0":
  version "1.6.8"
  resolved "https://registry.yarnpkg.com/@floating-ui/core/-/core-1.6.8.tgz#aa43561be075815879305965020f492cdb43da12"
  integrity sha512-7XJ9cPU+yI2QeLS+FCSlqNFZJq8arvswefkZrYI1yQBbftw6FyrZOxYSh+9S7z7TpeWlRt9zJ5IhM1WIL334jA==
  dependencies:
    "@floating-ui/utils" "^0.2.8"

"@floating-ui/dom@^1.0.0":
  version "1.6.12"
  resolved "https://registry.yarnpkg.com/@floating-ui/dom/-/dom-1.6.12.tgz#6333dcb5a8ead3b2bf82f33d6bc410e95f54e556"
  integrity sha512-NP83c0HjokcGVEMeoStg317VD9W7eDlGK7457dMBANbKA6GJZdc7rjujdgqzTaz93jkGgc5P/jeWbaCHnMNc+w==
  dependencies:
    "@floating-ui/core" "^1.6.0"
    "@floating-ui/utils" "^0.2.8"

"@floating-ui/react-dom@^2.0.0":
  version "2.1.2"
  resolved "https://registry.yarnpkg.com/@floating-ui/react-dom/-/react-dom-2.1.2.tgz#a1349bbf6a0e5cb5ded55d023766f20a4d439a31"
  integrity sha512-06okr5cgPzMNBy+Ycse2A6udMi4bqwW/zgBF/rwjcNqWkyr82Mcg8b0vjX8OJpZFy/FKjJmw6wV7t44kK6kW7A==
  dependencies:
    "@floating-ui/dom" "^1.0.0"

"@floating-ui/utils@^0.2.8":
  version "0.2.8"
  resolved "https://registry.yarnpkg.com/@floating-ui/utils/-/utils-0.2.8.tgz#21a907684723bbbaa5f0974cf7730bd797eb8e62"
  integrity sha512-kym7SodPp8/wloecOpcmSnWJsK7M0E5Wg8UcFA+uO4B9s5d0ywXOEro/8HM9x0rW+TljRzul/14UYz3TleT3ig==

"@img/sharp-darwin-arm64@0.33.5":
  version "0.33.5"
  resolved "https://registry.yarnpkg.com/@img/sharp-darwin-arm64/-/sharp-darwin-arm64-0.33.5.tgz#ef5b5a07862805f1e8145a377c8ba6e98813ca08"
  integrity sha512-UT4p+iz/2H4twwAoLCqfA9UH5pI6DggwKEGuaPy7nCVQ8ZsiY5PIcrRvD1DzuY3qYL07NtIQcWnBSY/heikIFQ==
  optionalDependencies:
    "@img/sharp-libvips-darwin-arm64" "1.0.4"

"@img/sharp-darwin-x64@0.33.5":
  version "0.33.5"
  resolved "https://registry.yarnpkg.com/@img/sharp-darwin-x64/-/sharp-darwin-x64-0.33.5.tgz#e03d3451cd9e664faa72948cc70a403ea4063d61"
  integrity sha512-fyHac4jIc1ANYGRDxtiqelIbdWkIuQaI84Mv45KvGRRxSAa7o7d1ZKAOBaYbnepLC1WqxfpimdeWfvqqSGwR2Q==
  optionalDependencies:
    "@img/sharp-libvips-darwin-x64" "1.0.4"

"@img/sharp-libvips-darwin-arm64@1.0.4":
  version "1.0.4"
  resolved "https://registry.yarnpkg.com/@img/sharp-libvips-darwin-arm64/-/sharp-libvips-darwin-arm64-1.0.4.tgz#447c5026700c01a993c7804eb8af5f6e9868c07f"
  integrity sha512-XblONe153h0O2zuFfTAbQYAX2JhYmDHeWikp1LM9Hul9gVPjFY427k6dFEcOL72O01QxQsWi761svJ/ev9xEDg==

"@img/sharp-libvips-darwin-x64@1.0.4":
  version "1.0.4"
  resolved "https://registry.yarnpkg.com/@img/sharp-libvips-darwin-x64/-/sharp-libvips-darwin-x64-1.0.4.tgz#e0456f8f7c623f9dbfbdc77383caa72281d86062"
  integrity sha512-xnGR8YuZYfJGmWPvmlunFaWJsb9T/AO2ykoP3Fz/0X5XV2aoYBPkX6xqCQvUTKKiLddarLaxpzNe+b1hjeWHAQ==

"@img/sharp-libvips-linux-arm64@1.0.4":
  version "1.0.4"
  resolved "https://registry.yarnpkg.com/@img/sharp-libvips-linux-arm64/-/sharp-libvips-linux-arm64-1.0.4.tgz#979b1c66c9a91f7ff2893556ef267f90ebe51704"
  integrity sha512-9B+taZ8DlyyqzZQnoeIvDVR/2F4EbMepXMc/NdVbkzsJbzkUjhXv/70GQJ7tdLA4YJgNP25zukcxpX2/SueNrA==

"@img/sharp-libvips-linux-arm@1.0.5":
  version "1.0.5"
  resolved "https://registry.yarnpkg.com/@img/sharp-libvips-linux-arm/-/sharp-libvips-linux-arm-1.0.5.tgz#99f922d4e15216ec205dcb6891b721bfd2884197"
  integrity sha512-gvcC4ACAOPRNATg/ov8/MnbxFDJqf/pDePbBnuBDcjsI8PssmjoKMAz4LtLaVi+OnSb5FK/yIOamqDwGmXW32g==

"@img/sharp-libvips-linux-s390x@1.0.4":
  version "1.0.4"
  resolved "https://registry.yarnpkg.com/@img/sharp-libvips-linux-s390x/-/sharp-libvips-linux-s390x-1.0.4.tgz#f8a5eb1f374a082f72b3f45e2fb25b8118a8a5ce"
  integrity sha512-u7Wz6ntiSSgGSGcjZ55im6uvTrOxSIS8/dgoVMoiGE9I6JAfU50yH5BoDlYA1tcuGS7g/QNtetJnxA6QEsCVTA==

"@img/sharp-libvips-linux-x64@1.0.4":
  version "1.0.4"
  resolved "https://registry.npmjs.org/@img/sharp-libvips-linux-x64/-/sharp-libvips-linux-x64-1.0.4.tgz"
  integrity sha512-MmWmQ3iPFZr0Iev+BAgVMb3ZyC4KeFc3jFxnNbEPas60e1cIfevbtuyf9nDGIzOaW9PdnDciJm+wFFaTlj5xYw==

"@img/sharp-libvips-linuxmusl-arm64@1.0.4":
  version "1.0.4"
  resolved "https://registry.yarnpkg.com/@img/sharp-libvips-linuxmusl-arm64/-/sharp-libvips-linuxmusl-arm64-1.0.4.tgz#166778da0f48dd2bded1fa3033cee6b588f0d5d5"
  integrity sha512-9Ti+BbTYDcsbp4wfYib8Ctm1ilkugkA/uscUn6UXK1ldpC1JjiXbLfFZtRlBhjPZ5o1NCLiDbg8fhUPKStHoTA==

"@img/sharp-libvips-linuxmusl-x64@1.0.4":
  version "1.0.4"
  resolved "https://registry.npmjs.org/@img/sharp-libvips-linuxmusl-x64/-/sharp-libvips-linuxmusl-x64-1.0.4.tgz"
  integrity sha512-viYN1KX9m+/hGkJtvYYp+CCLgnJXwiQB39damAO7WMdKWlIhmYTfHjwSbQeUK/20vY154mwezd9HflVFM1wVSw==

"@img/sharp-linux-arm64@0.33.5":
  version "0.33.5"
  resolved "https://registry.yarnpkg.com/@img/sharp-linux-arm64/-/sharp-linux-arm64-0.33.5.tgz#edb0697e7a8279c9fc829a60fc35644c4839bb22"
  integrity sha512-JMVv+AMRyGOHtO1RFBiJy/MBsgz0x4AWrT6QoEVVTyh1E39TrCUpTRI7mx9VksGX4awWASxqCYLCV4wBZHAYxA==
  optionalDependencies:
    "@img/sharp-libvips-linux-arm64" "1.0.4"

"@img/sharp-linux-arm@0.33.5":
  version "0.33.5"
  resolved "https://registry.yarnpkg.com/@img/sharp-linux-arm/-/sharp-linux-arm-0.33.5.tgz#422c1a352e7b5832842577dc51602bcd5b6f5eff"
  integrity sha512-JTS1eldqZbJxjvKaAkxhZmBqPRGmxgu+qFKSInv8moZ2AmT5Yib3EQ1c6gp493HvrvV8QgdOXdyaIBrhvFhBMQ==
  optionalDependencies:
    "@img/sharp-libvips-linux-arm" "1.0.5"

"@img/sharp-linux-s390x@0.33.5":
  version "0.33.5"
  resolved "https://registry.yarnpkg.com/@img/sharp-linux-s390x/-/sharp-linux-s390x-0.33.5.tgz#f5c077926b48e97e4a04d004dfaf175972059667"
  integrity sha512-y/5PCd+mP4CA/sPDKl2961b+C9d+vPAveS33s6Z3zfASk2j5upL6fXVPZi7ztePZ5CuH+1kW8JtvxgbuXHRa4Q==
  optionalDependencies:
    "@img/sharp-libvips-linux-s390x" "1.0.4"

"@img/sharp-linux-x64@0.33.5":
  version "0.33.5"
  resolved "https://registry.npmjs.org/@img/sharp-linux-x64/-/sharp-linux-x64-0.33.5.tgz"
  integrity sha512-opC+Ok5pRNAzuvq1AG0ar+1owsu842/Ab+4qvU879ippJBHvyY5n2mxF1izXqkPYlGuP/M556uh53jRLJmzTWA==
  optionalDependencies:
    "@img/sharp-libvips-linux-x64" "1.0.4"

"@img/sharp-linuxmusl-arm64@0.33.5":
  version "0.33.5"
  resolved "https://registry.yarnpkg.com/@img/sharp-linuxmusl-arm64/-/sharp-linuxmusl-arm64-0.33.5.tgz#252975b915894fb315af5deea174651e208d3d6b"
  integrity sha512-XrHMZwGQGvJg2V/oRSUfSAfjfPxO+4DkiRh6p2AFjLQztWUuY/o8Mq0eMQVIY7HJ1CDQUJlxGGZRw1a5bqmd1g==
  optionalDependencies:
    "@img/sharp-libvips-linuxmusl-arm64" "1.0.4"

"@img/sharp-linuxmusl-x64@0.33.5":
  version "0.33.5"
  resolved "https://registry.npmjs.org/@img/sharp-linuxmusl-x64/-/sharp-linuxmusl-x64-0.33.5.tgz"
  integrity sha512-WT+d/cgqKkkKySYmqoZ8y3pxx7lx9vVejxW/W4DOFMYVSkErR+w7mf2u8m/y4+xHe7yY9DAXQMWQhpnMuFfScw==
  optionalDependencies:
    "@img/sharp-libvips-linuxmusl-x64" "1.0.4"

"@img/sharp-wasm32@0.33.5":
  version "0.33.5"
  resolved "https://registry.yarnpkg.com/@img/sharp-wasm32/-/sharp-wasm32-0.33.5.tgz#6f44f3283069d935bb5ca5813153572f3e6f61a1"
  integrity sha512-ykUW4LVGaMcU9lu9thv85CbRMAwfeadCJHRsg2GmeRa/cJxsVY9Rbd57JcMxBkKHag5U/x7TSBpScF4U8ElVzg==
  dependencies:
    "@emnapi/runtime" "^1.2.0"

"@img/sharp-win32-ia32@0.33.5":
  version "0.33.5"
  resolved "https://registry.yarnpkg.com/@img/sharp-win32-ia32/-/sharp-win32-ia32-0.33.5.tgz#1a0c839a40c5351e9885628c85f2e5dfd02b52a9"
  integrity sha512-T36PblLaTwuVJ/zw/LaH0PdZkRz5rd3SmMHX8GSmR7vtNSP5Z6bQkExdSK7xGWyxLw4sUknBuugTelgw2faBbQ==

"@img/sharp-win32-x64@0.33.5":
  version "0.33.5"
  resolved "https://registry.yarnpkg.com/@img/sharp-win32-x64/-/sharp-win32-x64-0.33.5.tgz#56f00962ff0c4e0eb93d34a047d29fa995e3e342"
  integrity sha512-MpY/o8/8kj+EcnxwvrP4aTJSWw/aZ7JIGR4aBeZkZw5B7/Jn+tY9/VNwtcoGmdT7GfggGIU4kygOMSbYnOrAbg==

"@next/env@15.0.3":
  version "15.0.3"
  resolved "https://registry.npmjs.org/@next/env/-/env-15.0.3.tgz"
  integrity sha512-t9Xy32pjNOvVn2AS+Utt6VmyrshbpfUMhIjFO60gI58deSo/KgLOp31XZ4O+kY/Is8WAGYwA5gR7kOb1eORDBA==

"@next/swc-darwin-arm64@15.0.3":
  version "15.0.3"
  resolved "https://registry.yarnpkg.com/@next/swc-darwin-arm64/-/swc-darwin-arm64-15.0.3.tgz#4c40c506cf3d4d87da0204f4cccf39e6bdc46a71"
  integrity sha512-s3Q/NOorCsLYdCKvQlWU+a+GeAd3C8Rb3L1YnetsgwXzhc3UTWrtQpB/3eCjFOdGUj5QmXfRak12uocd1ZiiQw==

"@next/swc-darwin-x64@15.0.3":
  version "15.0.3"
  resolved "https://registry.yarnpkg.com/@next/swc-darwin-x64/-/swc-darwin-x64-15.0.3.tgz#8e06cacae3dae279744f9fbe88dea679ec2c1ca3"
  integrity sha512-Zxl/TwyXVZPCFSf0u2BNj5sE0F2uR6iSKxWpq4Wlk/Sv9Ob6YCKByQTkV2y6BCic+fkabp9190hyrDdPA/dNrw==

"@next/swc-linux-arm64-gnu@15.0.3":
  version "15.0.3"
  resolved "https://registry.yarnpkg.com/@next/swc-linux-arm64-gnu/-/swc-linux-arm64-gnu-15.0.3.tgz#c144ad1f21091b9c6e1e330ecc2d56188763191d"
  integrity sha512-T5+gg2EwpsY3OoaLxUIofmMb7ohAUlcNZW0fPQ6YAutaWJaxt1Z1h+8zdl4FRIOr5ABAAhXtBcpkZNwUcKI2fw==

"@next/swc-linux-arm64-musl@15.0.3":
  version "15.0.3"
  resolved "https://registry.yarnpkg.com/@next/swc-linux-arm64-musl/-/swc-linux-arm64-musl-15.0.3.tgz#3ccb71c6703bf421332f177d1bb0e10528bc73a2"
  integrity sha512-WkAk6R60mwDjH4lG/JBpb2xHl2/0Vj0ZRu1TIzWuOYfQ9tt9NFsIinI1Epma77JVgy81F32X/AeD+B2cBu/YQA==

"@next/swc-linux-x64-gnu@15.0.3":
  version "15.0.3"
  resolved "https://registry.npmjs.org/@next/swc-linux-x64-gnu/-/swc-linux-x64-gnu-15.0.3.tgz"
  integrity sha512-gWL/Cta1aPVqIGgDb6nxkqy06DkwJ9gAnKORdHWX1QBbSZZB+biFYPFti8aKIQL7otCE1pjyPaXpFzGeG2OS2w==

"@next/swc-linux-x64-musl@15.0.3":
  version "15.0.3"
  resolved "https://registry.npmjs.org/@next/swc-linux-x64-musl/-/swc-linux-x64-musl-15.0.3.tgz"
  integrity sha512-QQEMwFd8r7C0GxQS62Zcdy6GKx999I/rTO2ubdXEe+MlZk9ZiinsrjwoiBL5/57tfyjikgh6GOU2WRQVUej3UA==

"@next/swc-win32-arm64-msvc@15.0.3":
  version "15.0.3"
  resolved "https://registry.yarnpkg.com/@next/swc-win32-arm64-msvc/-/swc-win32-arm64-msvc-15.0.3.tgz#932437d4cf27814e963ba8ae5f033b4421fab9ca"
  integrity sha512-9TEp47AAd/ms9fPNgtgnT7F3M1Hf7koIYYWCMQ9neOwjbVWJsHZxrFbI3iEDJ8rf1TDGpmHbKxXf2IFpAvheIQ==

"@next/swc-win32-x64-msvc@15.0.3":
  version "15.0.3"
  resolved "https://registry.yarnpkg.com/@next/swc-win32-x64-msvc/-/swc-win32-x64-msvc-15.0.3.tgz#940a6f7b370cdde0cc67eabe945d9e6d97e0be9f"
  integrity sha512-VNAz+HN4OGgvZs6MOoVfnn41kBzT+M+tB+OK4cww6DNyWS6wKaDpaAm/qLeOUbnMh0oVx1+mg0uoYARF69dJyA==

"@octokit/app@^15.1.0":
  version "15.1.0"
  resolved "https://registry.npmjs.org/@octokit/app/-/app-15.1.0.tgz"
  integrity sha512-TkBr7QgOmE6ORxvIAhDbZsqPkF7RSqTY4pLTtUQCvr6dTXqvi2fFo46q3h1lxlk/sGMQjqyZ0kEahkD/NyzOHg==
  dependencies:
    "@octokit/auth-app" "^7.0.0"
    "@octokit/auth-unauthenticated" "^6.0.0"
    "@octokit/core" "^6.1.2"
    "@octokit/oauth-app" "^7.0.0"
    "@octokit/plugin-paginate-rest" "^11.0.0"
    "@octokit/types" "^13.0.0"
    "@octokit/webhooks" "^13.0.0"

"@octokit/auth-app@^7.0.0":
  version "7.1.2"
  resolved "https://registry.npmjs.org/@octokit/auth-app/-/auth-app-7.1.2.tgz"
  integrity sha512-5cfWRr1hr0w/EW3StFIIOkMtYhOyGZ6/R3T0xeN6UgC/uL5pIyeood9N/8Z7W4NZUdz2QK1Fv0oM/1AzTME3/Q==
  dependencies:
    "@octokit/auth-oauth-app" "^8.1.0"
    "@octokit/auth-oauth-user" "^5.1.0"
    "@octokit/request" "^9.1.1"
    "@octokit/request-error" "^6.1.1"
    "@octokit/types" "^13.4.1"
    lru-cache "npm:@wolfy1339/lru-cache@^11.0.2-patch.1"
    universal-github-app-jwt "^2.2.0"
    universal-user-agent "^7.0.0"

"@octokit/auth-oauth-app@^8.0.0", "@octokit/auth-oauth-app@^8.1.0":
  version "8.1.1"
  resolved "https://registry.npmjs.org/@octokit/auth-oauth-app/-/auth-oauth-app-8.1.1.tgz"
  integrity sha512-5UtmxXAvU2wfcHIPPDWzVSAWXVJzG3NWsxb7zCFplCWEmMCArSZV0UQu5jw5goLQXbFyOr5onzEH37UJB3zQQg==
  dependencies:
    "@octokit/auth-oauth-device" "^7.0.0"
    "@octokit/auth-oauth-user" "^5.0.1"
    "@octokit/request" "^9.0.0"
    "@octokit/types" "^13.0.0"
    universal-user-agent "^7.0.0"

"@octokit/auth-oauth-device@^7.0.0", "@octokit/auth-oauth-device@^7.0.1":
  version "7.1.1"
  resolved "https://registry.npmjs.org/@octokit/auth-oauth-device/-/auth-oauth-device-7.1.1.tgz"
  integrity sha512-HWl8lYueHonuyjrKKIup/1tiy0xcmQCdq5ikvMO1YwkNNkxb6DXfrPjrMYItNLyCP/o2H87WuijuE+SlBTT8eg==
  dependencies:
    "@octokit/oauth-methods" "^5.0.0"
    "@octokit/request" "^9.0.0"
    "@octokit/types" "^13.0.0"
    universal-user-agent "^7.0.0"

"@octokit/auth-oauth-user@^5.0.1", "@octokit/auth-oauth-user@^5.1.0":
  version "5.1.1"
  resolved "https://registry.npmjs.org/@octokit/auth-oauth-user/-/auth-oauth-user-5.1.1.tgz"
  integrity sha512-rRkMz0ErOppdvEfnemHJXgZ9vTPhBuC6yASeFaB7I2yLMd7QpjfrL1mnvRPlyKo+M6eeLxrKanXJ9Qte29SRsw==
  dependencies:
    "@octokit/auth-oauth-device" "^7.0.1"
    "@octokit/oauth-methods" "^5.0.0"
    "@octokit/request" "^9.0.1"
    "@octokit/types" "^13.0.0"
    universal-user-agent "^7.0.0"

"@octokit/auth-token@^5.0.0":
  version "5.1.1"
  resolved "https://registry.npmjs.org/@octokit/auth-token/-/auth-token-5.1.1.tgz"
  integrity sha512-rh3G3wDO8J9wSjfI436JUKzHIxq8NaiL0tVeB2aXmG6p/9859aUOAjA9pmSPNGGZxfwmaJ9ozOJImuNVJdpvbA==

"@octokit/auth-unauthenticated@^6.0.0", "@octokit/auth-unauthenticated@^6.0.0-beta.1":
  version "6.1.0"
  resolved "https://registry.npmjs.org/@octokit/auth-unauthenticated/-/auth-unauthenticated-6.1.0.tgz"
  integrity sha512-zPSmfrUAcspZH/lOFQnVnvjQZsIvmfApQH6GzJrkIunDooU1Su2qt2FfMTSVPRp7WLTQyC20Kd55lF+mIYaohQ==
  dependencies:
    "@octokit/request-error" "^6.0.1"
    "@octokit/types" "^13.0.0"

"@octokit/core@^6.0.0", "@octokit/core@^6.1.2":
  version "6.1.2"
  resolved "https://registry.npmjs.org/@octokit/core/-/core-6.1.2.tgz"
  integrity sha512-hEb7Ma4cGJGEUNOAVmyfdB/3WirWMg5hDuNFVejGEDFqupeOysLc2sG6HJxY2etBp5YQu5Wtxwi020jS9xlUwg==
  dependencies:
    "@octokit/auth-token" "^5.0.0"
    "@octokit/graphql" "^8.0.0"
    "@octokit/request" "^9.0.0"
    "@octokit/request-error" "^6.0.1"
    "@octokit/types" "^13.0.0"
    before-after-hook "^3.0.2"
    universal-user-agent "^7.0.0"

"@octokit/endpoint@^10.0.0":
  version "10.1.1"
  resolved "https://registry.npmjs.org/@octokit/endpoint/-/endpoint-10.1.1.tgz"
  integrity sha512-JYjh5rMOwXMJyUpj028cu0Gbp7qe/ihxfJMLc8VZBMMqSwLgOxDI1911gV4Enl1QSavAQNJcwmwBF9M0VvLh6Q==
  dependencies:
    "@octokit/types" "^13.0.0"
    universal-user-agent "^7.0.2"

"@octokit/graphql@^8.0.0":
  version "8.1.1"
  resolved "https://registry.npmjs.org/@octokit/graphql/-/graphql-8.1.1.tgz"
  integrity sha512-ukiRmuHTi6ebQx/HFRCXKbDlOh/7xEV6QUXaE7MJEKGNAncGI/STSbOkl12qVXZrfZdpXctx5O9X1AIaebiDBg==
  dependencies:
    "@octokit/request" "^9.0.0"
    "@octokit/types" "^13.0.0"
    universal-user-agent "^7.0.0"

"@octokit/oauth-app@^7.0.0":
  version "7.1.3"
  resolved "https://registry.npmjs.org/@octokit/oauth-app/-/oauth-app-7.1.3.tgz"
  integrity sha512-EHXbOpBkSGVVGF1W+NLMmsnSsJRkcrnVmDKt0TQYRBb6xWfWzoi9sBD4DIqZ8jGhOWO/V8t4fqFyJ4vDQDn9bg==
  dependencies:
    "@octokit/auth-oauth-app" "^8.0.0"
    "@octokit/auth-oauth-user" "^5.0.1"
    "@octokit/auth-unauthenticated" "^6.0.0-beta.1"
    "@octokit/core" "^6.0.0"
    "@octokit/oauth-authorization-url" "^7.0.0"
    "@octokit/oauth-methods" "^5.0.0"
    "@types/aws-lambda" "^8.10.83"
    universal-user-agent "^7.0.0"

"@octokit/oauth-authorization-url@^7.0.0":
  version "7.1.1"
  resolved "https://registry.npmjs.org/@octokit/oauth-authorization-url/-/oauth-authorization-url-7.1.1.tgz"
  integrity sha512-ooXV8GBSabSWyhLUowlMIVd9l1s2nsOGQdlP2SQ4LnkEsGXzeCvbSbCPdZThXhEFzleGPwbapT0Sb+YhXRyjCA==

"@octokit/oauth-methods@^5.0.0":
  version "5.1.2"
  resolved "https://registry.npmjs.org/@octokit/oauth-methods/-/oauth-methods-5.1.2.tgz"
  integrity sha512-C5lglRD+sBlbrhCUTxgJAFjWgJlmTx5bQ7Ch0+2uqRjYv7Cfb5xpX4WuSC9UgQna3sqRGBL9EImX9PvTpMaQ7g==
  dependencies:
    "@octokit/oauth-authorization-url" "^7.0.0"
    "@octokit/request" "^9.1.0"
    "@octokit/request-error" "^6.1.0"
    "@octokit/types" "^13.0.0"

"@octokit/openapi-types@^22.2.0":
  version "22.2.0"
  resolved "https://registry.npmjs.org/@octokit/openapi-types/-/openapi-types-22.2.0.tgz"
  integrity sha512-QBhVjcUa9W7Wwhm6DBFu6ZZ+1/t/oYxqc2tp81Pi41YNuJinbFRx8B133qVOrAaBbF7D/m0Et6f9/pZt9Rc+tg==

"@octokit/openapi-webhooks-types@8.3.0":
  version "8.3.0"
  resolved "https://registry.npmjs.org/@octokit/openapi-webhooks-types/-/openapi-webhooks-types-8.3.0.tgz"
  integrity sha512-vKLsoR4xQxg4Z+6rU/F65ItTUz/EXbD+j/d4mlq2GW8TsA4Tc8Kdma2JTAAJ5hrKWUQzkR/Esn2fjsqiVRYaQg==

"@octokit/plugin-paginate-rest@^11.0.0":
  version "11.3.5"
  resolved "https://registry.npmjs.org/@octokit/plugin-paginate-rest/-/plugin-paginate-rest-11.3.5.tgz"
  integrity sha512-cgwIRtKrpwhLoBi0CUNuY83DPGRMaWVjqVI/bGKsLJ4PzyWZNaEmhHroI2xlrVXkk6nFv0IsZpOp+ZWSWUS2AQ==
  dependencies:
    "@octokit/types" "^13.6.0"

"@octokit/request-error@^6.0.1", "@octokit/request-error@^6.1.0", "@octokit/request-error@^6.1.1":
  version "6.1.5"
  resolved "https://registry.npmjs.org/@octokit/request-error/-/request-error-6.1.5.tgz"
  integrity sha512-IlBTfGX8Yn/oFPMwSfvugfncK2EwRLjzbrpifNaMY8o/HTEAFqCA1FZxjD9cWvSKBHgrIhc4CSBIzMxiLsbzFQ==
  dependencies:
    "@octokit/types" "^13.0.0"

"@octokit/request@^9.0.0", "@octokit/request@^9.0.1", "@octokit/request@^9.1.0", "@octokit/request@^9.1.1":
  version "9.1.3"
  resolved "https://registry.npmjs.org/@octokit/request/-/request-9.1.3.tgz"
  integrity sha512-V+TFhu5fdF3K58rs1pGUJIDH5RZLbZm5BI+MNF+6o/ssFNT4vWlCh/tVpF3NxGtP15HUxTTMUbsG5llAuU2CZA==
  dependencies:
    "@octokit/endpoint" "^10.0.0"
    "@octokit/request-error" "^6.0.1"
    "@octokit/types" "^13.1.0"
    universal-user-agent "^7.0.2"

"@octokit/types@^13.0.0", "@octokit/types@^13.1.0", "@octokit/types@^13.4.1", "@octokit/types@^13.6.0":
  version "13.6.1"
  resolved "https://registry.npmjs.org/@octokit/types/-/types-13.6.1.tgz"
  integrity sha512-PHZE9Z+kWXb23Ndik8MKPirBPziOc0D2/3KH1P+6jK5nGWe96kadZuE4jev2/Jq7FvIfTlT2Ltg8Fv2x1v0a5g==
  dependencies:
    "@octokit/openapi-types" "^22.2.0"

"@octokit/webhooks-methods@^5.0.0":
  version "5.1.0"
  resolved "https://registry.npmjs.org/@octokit/webhooks-methods/-/webhooks-methods-5.1.0.tgz"
  integrity sha512-yFZa3UH11VIxYnnoOYCVoJ3q4ChuSOk2IVBBQ0O3xtKX4x9bmKb/1t+Mxixv2iUhzMdOl1qeWJqEhouXXzB3rQ==

"@octokit/webhooks@^13.0.0":
  version "13.3.0"
  resolved "https://registry.npmjs.org/@octokit/webhooks/-/webhooks-13.3.0.tgz"
  integrity sha512-TUkJLtI163Bz5+JK0O+zDkQpn4gKwN+BovclUvCj6pI/6RXrFqQvUMRS2M+Rt8Rv0qR3wjoMoOPmpJKeOh0nBg==
  dependencies:
    "@octokit/openapi-webhooks-types" "8.3.0"
    "@octokit/request-error" "^6.0.1"
    "@octokit/webhooks-methods" "^5.0.0"

"@radix-ui/number@1.1.0":
  version "1.1.0"
  resolved "https://registry.yarnpkg.com/@radix-ui/number/-/number-1.1.0.tgz#1e95610461a09cdf8bb05c152e76ca1278d5da46"
  integrity sha512-V3gRzhVNU1ldS5XhAPTom1fOIo4ccrjjJgmE+LI2h/WaFpHmx0MQApT+KZHnx8abG6Avtfcz4WoEciMnpFT3HQ==

"@radix-ui/primitive@1.1.0":
  version "1.1.0"
  resolved "https://registry.yarnpkg.com/@radix-ui/primitive/-/primitive-1.1.0.tgz#42ef83b3b56dccad5d703ae8c42919a68798bbe2"
  integrity sha512-4Z8dn6Upk0qk4P74xBhZ6Hd/w0mPEzOOLxy4xiPXOXqjF7jZS0VAKk7/x/H6FyY2zCkYJqePf1G5KmkmNJ4RBA==

"@radix-ui/react-arrow@1.1.0":
  version "1.1.0"
  resolved "https://registry.yarnpkg.com/@radix-ui/react-arrow/-/react-arrow-1.1.0.tgz#744f388182d360b86285217e43b6c63633f39e7a"
  integrity sha512-FmlW1rCg7hBpEBwFbjHwCW6AmWLQM6g/v0Sn8XbP9NvmSZ2San1FpQeyPtufzOMSIx7Y4dzjlHoifhp+7NkZhw==
  dependencies:
    "@radix-ui/react-primitive" "2.0.0"

"@radix-ui/react-collection@1.1.0":
  version "1.1.0"
  resolved "https://registry.yarnpkg.com/@radix-ui/react-collection/-/react-collection-1.1.0.tgz#f18af78e46454a2360d103c2251773028b7724ed"
  integrity sha512-GZsZslMJEyo1VKm5L1ZJY8tGDxZNPAoUeQUIbKeJfoi7Q4kmig5AsgLMYYuyYbfjd8fBmFORAIwYAkXMnXZgZw==
  dependencies:
    "@radix-ui/react-compose-refs" "1.1.0"
    "@radix-ui/react-context" "1.1.0"
    "@radix-ui/react-primitive" "2.0.0"
    "@radix-ui/react-slot" "1.1.0"

"@radix-ui/react-compose-refs@1.1.0":
  version "1.1.0"
  resolved "https://registry.yarnpkg.com/@radix-ui/react-compose-refs/-/react-compose-refs-1.1.0.tgz#656432461fc8283d7b591dcf0d79152fae9ecc74"
  integrity sha512-b4inOtiaOnYf9KWyO3jAeeCG6FeyfY6ldiEPanbUjWd+xIk5wZeHa8yVwmrJ2vderhu/BQvzCrJI0lHd+wIiqw==

"@radix-ui/react-context@1.1.0":
  version "1.1.0"
  resolved "https://registry.yarnpkg.com/@radix-ui/react-context/-/react-context-1.1.0.tgz#6df8d983546cfd1999c8512f3a8ad85a6e7fcee8"
  integrity sha512-OKrckBy+sMEgYM/sMmqmErVn0kZqrHPJze+Ql3DzYsDDp0hl0L62nx/2122/Bvps1qz645jlcu2tD9lrRSdf8A==

"@radix-ui/react-context@1.1.1":
  version "1.1.1"
  resolved "https://registry.yarnpkg.com/@radix-ui/react-context/-/react-context-1.1.1.tgz#82074aa83a472353bb22e86f11bcbd1c61c4c71a"
  integrity sha512-UASk9zi+crv9WteK/NU4PLvOoL3OuE6BWVKNF6hPRBtYBDXQ2u5iu3O59zUlJiTVvkyuycnqrztsHVJwcK9K+Q==

"@radix-ui/react-direction@1.1.0":
  version "1.1.0"
  resolved "https://registry.yarnpkg.com/@radix-ui/react-direction/-/react-direction-1.1.0.tgz#a7d39855f4d077adc2a1922f9c353c5977a09cdc"
  integrity sha512-BUuBvgThEiAXh2DWu93XsT+a3aWrGqolGlqqw5VU1kG7p/ZH2cuDlM1sRLNnY3QcBS69UIz2mcKhMxDsdewhjg==

"@radix-ui/react-dismissable-layer@1.1.1":
  version "1.1.1"
  resolved "https://registry.yarnpkg.com/@radix-ui/react-dismissable-layer/-/react-dismissable-layer-1.1.1.tgz#cbdcb739c5403382bdde5f9243042ba643883396"
  integrity sha512-QSxg29lfr/xcev6kSz7MAlmDnzbP1eI/Dwn3Tp1ip0KT5CUELsxkekFEMVBEoykI3oV39hKT4TKZzBNMbcTZYQ==
  dependencies:
    "@radix-ui/primitive" "1.1.0"
    "@radix-ui/react-compose-refs" "1.1.0"
    "@radix-ui/react-primitive" "2.0.0"
    "@radix-ui/react-use-callback-ref" "1.1.0"
    "@radix-ui/react-use-escape-keydown" "1.1.0"

"@radix-ui/react-focus-guards@1.1.1":
  version "1.1.1"
  resolved "https://registry.yarnpkg.com/@radix-ui/react-focus-guards/-/react-focus-guards-1.1.1.tgz#8635edd346304f8b42cae86b05912b61aef27afe"
  integrity sha512-pSIwfrT1a6sIoDASCSpFwOasEwKTZWDw/iBdtnqKO7v6FeOzYJ7U53cPzYFVR3geGGXgVHaH+CdngrrAzqUGxg==

"@radix-ui/react-focus-scope@1.1.0":
  version "1.1.0"
  resolved "https://registry.yarnpkg.com/@radix-ui/react-focus-scope/-/react-focus-scope-1.1.0.tgz#ebe2891a298e0a33ad34daab2aad8dea31caf0b2"
  integrity sha512-200UD8zylvEyL8Bx+z76RJnASR2gRMuxlgFCPAe/Q/679a/r0eK3MBVYMb7vZODZcffZBdob1EGnky78xmVvcA==
  dependencies:
    "@radix-ui/react-compose-refs" "1.1.0"
    "@radix-ui/react-primitive" "2.0.0"
    "@radix-ui/react-use-callback-ref" "1.1.0"

"@radix-ui/react-id@1.1.0":
  version "1.1.0"
  resolved "https://registry.yarnpkg.com/@radix-ui/react-id/-/react-id-1.1.0.tgz#de47339656594ad722eb87f94a6b25f9cffae0ed"
  integrity sha512-EJUrI8yYh7WOjNOqpoJaf1jlFIH2LvtgAl+YcFqNCa+4hj64ZXmPkAKOFs/ukjz3byN6bdb/AVUqHkI8/uWWMA==
  dependencies:
    "@radix-ui/react-use-layout-effect" "1.1.0"

"@radix-ui/react-label@^2.1.0":
  version "2.1.0"
  resolved "https://registry.yarnpkg.com/@radix-ui/react-label/-/react-label-2.1.0.tgz#3aa2418d70bb242be37c51ff5e51a2adcbc372e3"
  integrity sha512-peLblDlFw/ngk3UWq0VnYaOLy6agTZZ+MUO/WhVfm14vJGML+xH4FAl2XQGLqdefjNb7ApRg6Yn7U42ZhmYXdw==
  dependencies:
    "@radix-ui/react-primitive" "2.0.0"

"@radix-ui/react-popper@1.2.0":
  version "1.2.0"
  resolved "https://registry.yarnpkg.com/@radix-ui/react-popper/-/react-popper-1.2.0.tgz#a3e500193d144fe2d8f5d5e60e393d64111f2a7a"
  integrity sha512-ZnRMshKF43aBxVWPWvbj21+7TQCvhuULWJ4gNIKYpRlQt5xGRhLx66tMp8pya2UkGHTSlhpXwmjqltDYHhw7Vg==
  dependencies:
    "@floating-ui/react-dom" "^2.0.0"
    "@radix-ui/react-arrow" "1.1.0"
    "@radix-ui/react-compose-refs" "1.1.0"
    "@radix-ui/react-context" "1.1.0"
    "@radix-ui/react-primitive" "2.0.0"
    "@radix-ui/react-use-callback-ref" "1.1.0"
    "@radix-ui/react-use-layout-effect" "1.1.0"
    "@radix-ui/react-use-rect" "1.1.0"
    "@radix-ui/react-use-size" "1.1.0"
    "@radix-ui/rect" "1.1.0"

"@radix-ui/react-portal@1.1.2":
  version "1.1.2"
  resolved "https://registry.yarnpkg.com/@radix-ui/react-portal/-/react-portal-1.1.2.tgz#51eb46dae7505074b306ebcb985bf65cc547d74e"
  integrity sha512-WeDYLGPxJb/5EGBoedyJbT0MpoULmwnIPMJMSldkuiMsBAv7N1cRdsTWZWht9vpPOiN3qyiGAtbK2is47/uMFg==
  dependencies:
    "@radix-ui/react-primitive" "2.0.0"
    "@radix-ui/react-use-layout-effect" "1.1.0"

"@radix-ui/react-primitive@2.0.0":
  version "2.0.0"
  resolved "https://registry.yarnpkg.com/@radix-ui/react-primitive/-/react-primitive-2.0.0.tgz#fe05715faa9203a223ccc0be15dc44b9f9822884"
  integrity sha512-ZSpFm0/uHa8zTvKBDjLFWLo8dkr4MBsiDLz0g3gMUwqgLHz9rTaRRGYDgvZPtBJgYCBKXkS9fzmoySgr8CO6Cw==
  dependencies:
    "@radix-ui/react-slot" "1.1.0"

"@radix-ui/react-select@^2.1.2":
  version "2.1.2"
  resolved "https://registry.yarnpkg.com/@radix-ui/react-select/-/react-select-2.1.2.tgz#2346e118966db793940f6a866fd4cc5db2cc275e"
  integrity sha512-rZJtWmorC7dFRi0owDmoijm6nSJH1tVw64QGiNIZ9PNLyBDtG+iAq+XGsya052At4BfarzY/Dhv9wrrUr6IMZA==
  dependencies:
    "@radix-ui/number" "1.1.0"
    "@radix-ui/primitive" "1.1.0"
    "@radix-ui/react-collection" "1.1.0"
    "@radix-ui/react-compose-refs" "1.1.0"
    "@radix-ui/react-context" "1.1.1"
    "@radix-ui/react-direction" "1.1.0"
    "@radix-ui/react-dismissable-layer" "1.1.1"
    "@radix-ui/react-focus-guards" "1.1.1"
    "@radix-ui/react-focus-scope" "1.1.0"
    "@radix-ui/react-id" "1.1.0"
    "@radix-ui/react-popper" "1.2.0"
    "@radix-ui/react-portal" "1.1.2"
    "@radix-ui/react-primitive" "2.0.0"
    "@radix-ui/react-slot" "1.1.0"
    "@radix-ui/react-use-callback-ref" "1.1.0"
    "@radix-ui/react-use-controllable-state" "1.1.0"
    "@radix-ui/react-use-layout-effect" "1.1.0"
    "@radix-ui/react-use-previous" "1.1.0"
    "@radix-ui/react-visually-hidden" "1.1.0"
    aria-hidden "^1.1.1"
    react-remove-scroll "2.6.0"

"@radix-ui/react-slot@1.1.0", "@radix-ui/react-slot@^1.1.0":
  version "1.1.0"
  resolved "https://registry.yarnpkg.com/@radix-ui/react-slot/-/react-slot-1.1.0.tgz#7c5e48c36ef5496d97b08f1357bb26ed7c714b84"
  integrity sha512-FUCf5XMfmW4dtYl69pdS4DbxKy8nj4M7SafBgPllysxmdachynNflAdp/gCsnYWNDnge6tI9onzMp5ARYc1KNw==
  dependencies:
    "@radix-ui/react-compose-refs" "1.1.0"

"@radix-ui/react-use-callback-ref@1.1.0":
  version "1.1.0"
  resolved "https://registry.yarnpkg.com/@radix-ui/react-use-callback-ref/-/react-use-callback-ref-1.1.0.tgz#bce938ca413675bc937944b0d01ef6f4a6dc5bf1"
  integrity sha512-CasTfvsy+frcFkbXtSJ2Zu9JHpN8TYKxkgJGWbjiZhFivxaeW7rMeZt7QELGVLaYVfFMsKHjb7Ak0nMEe+2Vfw==

"@radix-ui/react-use-controllable-state@1.1.0":
  version "1.1.0"
  resolved "https://registry.yarnpkg.com/@radix-ui/react-use-controllable-state/-/react-use-controllable-state-1.1.0.tgz#1321446857bb786917df54c0d4d084877aab04b0"
  integrity sha512-MtfMVJiSr2NjzS0Aa90NPTnvTSg6C/JLCV7ma0W6+OMV78vd8OyRpID+Ng9LxzsPbLeuBnWBA1Nq30AtBIDChw==
  dependencies:
    "@radix-ui/react-use-callback-ref" "1.1.0"

"@radix-ui/react-use-escape-keydown@1.1.0":
  version "1.1.0"
  resolved "https://registry.yarnpkg.com/@radix-ui/react-use-escape-keydown/-/react-use-escape-keydown-1.1.0.tgz#31a5b87c3b726504b74e05dac1edce7437b98754"
  integrity sha512-L7vwWlR1kTTQ3oh7g1O0CBF3YCyyTj8NmhLR+phShpyA50HCfBFKVJTpshm9PzLiKmehsrQzTYTpX9HvmC9rhw==
  dependencies:
    "@radix-ui/react-use-callback-ref" "1.1.0"

"@radix-ui/react-use-layout-effect@1.1.0":
  version "1.1.0"
  resolved "https://registry.yarnpkg.com/@radix-ui/react-use-layout-effect/-/react-use-layout-effect-1.1.0.tgz#3c2c8ce04827b26a39e442ff4888d9212268bd27"
  integrity sha512-+FPE0rOdziWSrH9athwI1R0HDVbWlEhd+FR+aSDk4uWGmSJ9Z54sdZVDQPZAinJhJXwfT+qnj969mCsT2gfm5w==

"@radix-ui/react-use-previous@1.1.0":
  version "1.1.0"
  resolved "https://registry.yarnpkg.com/@radix-ui/react-use-previous/-/react-use-previous-1.1.0.tgz#d4dd37b05520f1d996a384eb469320c2ada8377c"
  integrity sha512-Z/e78qg2YFnnXcW88A4JmTtm4ADckLno6F7OXotmkQfeuCVaKuYzqAATPhVzl3delXE7CxIV8shofPn3jPc5Og==

"@radix-ui/react-use-rect@1.1.0":
  version "1.1.0"
  resolved "https://registry.yarnpkg.com/@radix-ui/react-use-rect/-/react-use-rect-1.1.0.tgz#13b25b913bd3e3987cc9b073a1a164bb1cf47b88"
  integrity sha512-0Fmkebhr6PiseyZlYAOtLS+nb7jLmpqTrJyv61Pe68MKYW6OWdRE2kI70TaYY27u7H0lajqM3hSMMLFq18Z7nQ==
  dependencies:
    "@radix-ui/rect" "1.1.0"

"@radix-ui/react-use-size@1.1.0":
  version "1.1.0"
  resolved "https://registry.yarnpkg.com/@radix-ui/react-use-size/-/react-use-size-1.1.0.tgz#b4dba7fbd3882ee09e8d2a44a3eed3a7e555246b"
  integrity sha512-XW3/vWuIXHa+2Uwcc2ABSfcCledmXhhQPlGbfcRXbiUQI5Icjcg19BGCZVKKInYbvUCut/ufbbLLPFC5cbb1hw==
  dependencies:
    "@radix-ui/react-use-layout-effect" "1.1.0"

"@radix-ui/react-visually-hidden@1.1.0":
  version "1.1.0"
  resolved "https://registry.yarnpkg.com/@radix-ui/react-visually-hidden/-/react-visually-hidden-1.1.0.tgz#ad47a8572580f7034b3807c8e6740cd41038a5a2"
  integrity sha512-N8MDZqtgCgG5S3aV60INAB475osJousYpZ4cTJ2cFbMpdHS5Y6loLTH8LPtkj2QN0x93J30HT/M3qJXM0+lyeQ==
  dependencies:
    "@radix-ui/react-primitive" "2.0.0"

"@radix-ui/rect@1.1.0":
  version "1.1.0"
  resolved "https://registry.yarnpkg.com/@radix-ui/rect/-/rect-1.1.0.tgz#f817d1d3265ac5415dadc67edab30ae196696438"
  integrity sha512-A9+lCBZoaMJlVKcRBz2YByCG+Cp2t6nAnMnNba+XiWxnj6r4JUFqfsgwocMBZU9LPtdxC6wB56ySYpc7LQIoJg==

"@swc/counter@0.1.3":
  version "0.1.3"
  resolved "https://registry.npmjs.org/@swc/counter/-/counter-0.1.3.tgz"
  integrity sha512-e2BR4lsJkkRlKZ/qCHPw9ZaSxc0MVUd7gtbtaB7aMvHeJVYe8sOB8DBZkP2DtISHGSku9sCK6T6cnY0CtXrOCQ==

"@swc/helpers@0.5.13":
  version "0.5.13"
  resolved "https://registry.npmjs.org/@swc/helpers/-/helpers-0.5.13.tgz"
  integrity sha512-UoKGxQ3r5kYI9dALKJapMmuK+1zWM/H17Z1+iwnNmzcJRnfFuevZs375TA5rW31pu4BS4NoSy1fRsexDXfWn5w==
  dependencies:
    tslib "^2.4.0"

"@types/aws-lambda@^8.10.83":
  version "8.10.145"
  resolved "https://registry.npmjs.org/@types/aws-lambda/-/aws-lambda-8.10.145.tgz"
  integrity sha512-dtByW6WiFk5W5Jfgz1VM+YPA21xMXTuSFoLYIDY0L44jDLLflVPtZkYuu3/YxpGcvjzKFBZLU+GyKjR0HOYtyw==

aria-hidden@^1.1.1:
  version "1.2.4"
  resolved "https://registry.yarnpkg.com/aria-hidden/-/aria-hidden-1.2.4.tgz#b78e383fdbc04d05762c78b4a25a501e736c4522"
  integrity sha512-y+CcFFwelSXpLZk/7fMB2mUbGtX9lKycf1MWJ7CaTIERyitVlyQx6C+sxcROU2BAJ24OiZyK+8wj2i8AlBoS3A==
  dependencies:
    tslib "^2.0.0"

before-after-hook@^3.0.2:
  version "3.0.2"
  resolved "https://registry.npmjs.org/before-after-hook/-/before-after-hook-3.0.2.tgz"
  integrity sha512-Nik3Sc0ncrMK4UUdXQmAnRtzmNQTAAXmXIopizwZ1W1t8QmfJj+zL4OA2I7XPTPW5z5TDqv4hRo/JzouDJnX3A==

busboy@1.6.0:
  version "1.6.0"
  resolved "https://registry.npmjs.org/busboy/-/busboy-1.6.0.tgz"
  integrity sha512-8SFQbg/0hQ9xy3UNTB0YEnsNBbWfhf7RtnzpL7TkBiTBRfrQ9Fxcnz7VJsleJpyp6rVLvXiuORqjlHi5q+PYuA==
  dependencies:
    streamsearch "^1.1.0"

caniuse-lite@^1.0.30001579:
  version "1.0.30001679"
  resolved "https://registry.npmjs.org/caniuse-lite/-/caniuse-lite-1.0.30001679.tgz"
  integrity sha512-j2YqID/YwpLnKzCmBOS4tlZdWprXm3ZmQLBH9ZBXFOhoxLA46fwyBvx6toCBWBmnuwUY/qB3kEU6gFx8qgCroA==

class-variance-authority@^0.7.0:
  version "0.7.0"
  resolved "https://registry.yarnpkg.com/class-variance-authority/-/class-variance-authority-0.7.0.tgz#1c3134d634d80271b1837452b06d821915954522"
  integrity sha512-jFI8IQw4hczaL4ALINxqLEXQbWcNjoSkloa4IaufXCJr6QawJyw7tuRysRsrE8w2p/4gGaxKIt/hX3qz/IbD1A==
  dependencies:
    clsx "2.0.0"

client-only@0.0.1:
  version "0.0.1"
  resolved "https://registry.npmjs.org/client-only/-/client-only-0.0.1.tgz"
  integrity sha512-IV3Ou0jSMzZrd3pZ48nLkT9DA7Ag1pnPzaiQhpW7c3RbcqqzvzzVu+L8gfqMp/8IM2MQtSiqaCxrrcfu8I8rMA==

clsx@2.0.0:
  version "2.0.0"
  resolved "https://registry.yarnpkg.com/clsx/-/clsx-2.0.0.tgz#12658f3fd98fafe62075595a5c30e43d18f3d00b"
  integrity sha512-rQ1+kcj+ttHG0MKVGBUXwayCCF1oh39BF5COIpRzuCEv8Mwjv0XucrI2ExNTOn9IlLifGClWQcU9BrZORvtw6Q==

clsx@^2.1.1:
  version "2.1.1"
  resolved "https://registry.yarnpkg.com/clsx/-/clsx-2.1.1.tgz#eed397c9fd8bd882bfb18deab7102049a2f32999"
  integrity sha512-eYm0QWBtUrBWZWG0d386OGAw16Z995PiOVo2B7bjWSbHedGl5e0ZWaq65kOGgUSNesEIDkB9ISbTg/JK9dhCZA==

color-convert@^2.0.1:
  version "2.0.1"
  resolved "https://registry.npmjs.org/color-convert/-/color-convert-2.0.1.tgz"
  integrity sha512-RRECPsj7iu/xb5oKYcsFHSppFNnsj/52OVTRKb4zP5onXwVF3zVmmToNcOfGC+CRDpfK/U584fMg38ZHCaElKQ==
  dependencies:
    color-name "~1.1.4"

color-name@^1.0.0, color-name@~1.1.4:
  version "1.1.4"
  resolved "https://registry.npmjs.org/color-name/-/color-name-1.1.4.tgz"
  integrity sha512-dOy+3AuW3a2wNbZHIuMZpTcgjGuLU/uBL/ubcZF9OXbDo8ff4O8yVp5Bf0efS8uEoYo5q4Fx7dY9OgQGXgAsQA==

color-string@^1.9.0:
  version "1.9.1"
  resolved "https://registry.npmjs.org/color-string/-/color-string-1.9.1.tgz"
  integrity sha512-shrVawQFojnZv6xM40anx4CkoDP+fZsw/ZerEMsW/pyzsRbElpsL/DBVW7q3ExxwusdNXI3lXpuhEZkzs8p5Eg==
  dependencies:
    color-name "^1.0.0"
    simple-swizzle "^0.2.2"

color@^4.2.3:
  version "4.2.3"
  resolved "https://registry.npmjs.org/color/-/color-4.2.3.tgz"
  integrity sha512-1rXeuUUiGGrykh+CeBdu5Ie7OJwinCgQY0bc7GCRxy5xVHy+moaqkpL/jqQq0MtQOeYcrqEz4abc5f0KtU7W4A==
  dependencies:
    color-convert "^2.0.1"
    color-string "^1.9.0"

detect-libc@^2.0.3:
  version "2.0.3"
  resolved "https://registry.npmjs.org/detect-libc/-/detect-libc-2.0.3.tgz"
  integrity sha512-bwy0MGW55bG41VqxxypOsdSdGqLwXPI/focwgTYCFMbdUiBAxLg9CFzG08sz2aqzknwiX7Hkl0bQENjg8iLByw==

detect-node-es@^1.1.0:
  version "1.1.0"
  resolved "https://registry.yarnpkg.com/detect-node-es/-/detect-node-es-1.1.0.tgz#163acdf643330caa0b4cd7c21e7ee7755d6fa493"
  integrity sha512-ypdmJU/TbBby2Dxibuv7ZLW3Bs1QEmM7nHjEANfohJLvE0XVujisn1qPJcZxg+qDucsr+bP6fLD1rPS3AhJ7EQ==

dotenv@^16.4.5:
  version "16.4.5"
  resolved "https://registry.npmjs.org/dotenv/-/dotenv-16.4.5.tgz"
  integrity sha512-ZmdL2rui+eB2YwhsWzjInR8LldtZHGDoQ1ugH85ppHKwpUHL7j7rN0Ti9NCnGiQbhaZ11FpR+7ao1dNsmduNUg==

drizzle-orm@^0.36.1:
  version "0.36.1"
  resolved "https://registry.npmjs.org/drizzle-orm/-/drizzle-orm-0.36.1.tgz"
  integrity sha512-F4hbimnMEhyWzDowQB4xEuVJJWXLHZYD7FYwvo8RImY+N7pStGqsbfmT95jDbec1s4qKmQbiuxEDZY90LRrfIw==

get-nonce@^1.0.0:
  version "1.0.1"
  resolved "https://registry.yarnpkg.com/get-nonce/-/get-nonce-1.0.1.tgz#fdf3f0278073820d2ce9426c18f07481b1e0cdf3"
  integrity sha512-FJhYRoDaiatfEkUK8HKlicmu/3SGFD51q3itKDGoSTysQJBnfOcxU5GxnhE1E6soB76MbT0MBtnKJuXyAx+96Q==

invariant@^2.2.4:
  version "2.2.4"
  resolved "https://registry.yarnpkg.com/invariant/-/invariant-2.2.4.tgz#610f3c92c9359ce1db616e538008d23ff35158e6"
  integrity sha512-phJfQVBuaJM5raOpJjSfkiD6BpbCE4Ns//LaXl6wGYtUBY83nWS6Rf9tXm2e8VaK60JEjYldbPif/A2B1C2gNA==
  dependencies:
    loose-envify "^1.0.0"

is-arrayish@^0.3.1:
  version "0.3.2"
  resolved "https://registry.npmjs.org/is-arrayish/-/is-arrayish-0.3.2.tgz"
  integrity sha512-eVRqCvVlZbuw3GrM63ovNSNAeA1K16kaR/LRY/92w0zxQ5/1YzwblUX652i4Xs9RwAGjW9d9y6X88t8OaAJfWQ==

jose@^5.9.6:
  version "5.9.6"
  resolved "https://registry.yarnpkg.com/jose/-/jose-5.9.6.tgz#77f1f901d88ebdc405e57cce08d2a91f47521883"
  integrity sha512-AMlnetc9+CV9asI19zHmrgS/WYsWUwCn2R7RzlbJWD7F9eWYUTGyBmU9o6PxngtLGOiDGPRu+Uc4fhKzbpteZQ==

"js-tokens@^3.0.0 || ^4.0.0":
  version "4.0.0"
  resolved "https://registry.npmjs.org/js-tokens/-/js-tokens-4.0.0.tgz"
  integrity sha512-RdJUflcE3cUzKiMqQgsCu06FPu9UdIJO0beYbPhHN4k6apgJtifcoCtT9bcxOpYBtpD2kCM6Sbzg4CausW/PKQ==

loose-envify@^1.0.0:
  version "1.4.0"
  resolved "https://registry.npmjs.org/loose-envify/-/loose-envify-1.4.0.tgz"
  integrity sha512-lyuxPGr/Wfhrlem2CL/UcnUc1zcqKAImBDzukY7Y5F/yQiNdko6+fRLevlw1HgMySw7f611UIY408EtxRSoK3Q==
  dependencies:
    js-tokens "^3.0.0 || ^4.0.0"

"lru-cache@npm:@wolfy1339/lru-cache@^11.0.2-patch.1":
  version "11.0.2-patch.1"
  resolved "https://registry.npmjs.org/@wolfy1339/lru-cache/-/lru-cache-11.0.2-patch.1.tgz"
  integrity sha512-BgYZfL2ADCXKOw2wJtkM3slhHotawWkgIRRxq4wEybnZQPjvAp71SPX35xepMykTw8gXlzWcWPTY31hlbnRsDA==

lucide-react@^0.460.0:
  version "0.460.0"
  resolved "https://registry.yarnpkg.com/lucide-react/-/lucide-react-0.460.0.tgz#5681364b6bd94d1d475944f0385239c0b1408e35"
  integrity sha512-BVtq/DykVeIvRTJvRAgCsOwaGL8Un3Bxh8MbDxMhEWlZay3T4IpEKDEpwt5KZ0KJMHzgm6jrltxlT5eXOWXDHg==

nanoid@^3.3.6:
  version "3.3.7"
  resolved "https://registry.npmjs.org/nanoid/-/nanoid-3.3.7.tgz"
  integrity sha512-eSRppjcPIatRIMC1U6UngP8XFcz8MQWGQdt1MTBQ7NaAmvXDfvNxbvWV3x2y6CdEUciCSsDHDQZbhYaB8QEo2g==

next@15.0.3:
  version "15.0.3"
  resolved "https://registry.npmjs.org/next/-/next-15.0.3.tgz"
  integrity sha512-ontCbCRKJUIoivAdGB34yCaOcPgYXr9AAkV/IwqFfWWTXEPUgLYkSkqBhIk9KK7gGmgjc64B+RdoeIDM13Irnw==
  dependencies:
    "@next/env" "15.0.3"
    "@swc/counter" "0.1.3"
    "@swc/helpers" "0.5.13"
    busboy "1.6.0"
    caniuse-lite "^1.0.30001579"
    postcss "8.4.31"
    styled-jsx "5.1.6"
  optionalDependencies:
    "@next/swc-darwin-arm64" "15.0.3"
    "@next/swc-darwin-x64" "15.0.3"
    "@next/swc-linux-arm64-gnu" "15.0.3"
    "@next/swc-linux-arm64-musl" "15.0.3"
    "@next/swc-linux-x64-gnu" "15.0.3"
    "@next/swc-linux-x64-musl" "15.0.3"
    "@next/swc-win32-arm64-msvc" "15.0.3"
    "@next/swc-win32-x64-msvc" "15.0.3"
    sharp "^0.33.5"

pg-cloudflare@^1.1.1:
  version "1.1.1"
  resolved "https://registry.npmjs.org/pg-cloudflare/-/pg-cloudflare-1.1.1.tgz"
  integrity sha512-xWPagP/4B6BgFO+EKz3JONXv3YDgvkbVrGw2mTo3D6tVDQRh1e7cqVGvyR3BE+eQgAvx1XhW/iEASj4/jCWl3Q==

pg-connection-string@^2.7.0:
  version "2.7.0"
  resolved "https://registry.npmjs.org/pg-connection-string/-/pg-connection-string-2.7.0.tgz"
  integrity sha512-PI2W9mv53rXJQEOb8xNR8lH7Hr+EKa6oJa38zsK0S/ky2er16ios1wLKhZyxzD7jUReiWokc9WK5nxSnC7W1TA==

pg-int8@1.0.1:
  version "1.0.1"
  resolved "https://registry.npmjs.org/pg-int8/-/pg-int8-1.0.1.tgz"
  integrity sha512-WCtabS6t3c8SkpDBUlb1kjOs7l66xsGdKpIPZsg4wR+B3+u9UAum2odSsF9tnvxg80h4ZxLWMy4pRjOsFIqQpw==

pg-pool@^3.7.0:
  version "3.7.0"
  resolved "https://registry.npmjs.org/pg-pool/-/pg-pool-3.7.0.tgz"
  integrity sha512-ZOBQForurqh4zZWjrgSwwAtzJ7QiRX0ovFkZr2klsen3Nm0aoh33Ls0fzfv3imeH/nw/O27cjdz5kzYJfeGp/g==

pg-protocol@^1.7.0:
  version "1.7.0"
  resolved "https://registry.npmjs.org/pg-protocol/-/pg-protocol-1.7.0.tgz"
  integrity sha512-hTK/mE36i8fDDhgDFjy6xNOG+LCorxLG3WO17tku+ij6sVHXh1jQUJ8hYAnRhNla4QVD2H8er/FOjc/+EgC6yQ==

pg-types@^2.1.0:
  version "2.2.0"
  resolved "https://registry.npmjs.org/pg-types/-/pg-types-2.2.0.tgz"
  integrity sha512-qTAAlrEsl8s4OiEQY69wDvcMIdQN6wdz5ojQiOy6YRMuynxenON0O5oCpJI6lshc6scgAY8qvJ2On/p+CXY0GA==
  dependencies:
    pg-int8 "1.0.1"
    postgres-array "~2.0.0"
    postgres-bytea "~1.0.0"
    postgres-date "~1.0.4"
    postgres-interval "^1.1.0"

pg@^8.13.1:
  version "8.13.1"
  resolved "https://registry.npmjs.org/pg/-/pg-8.13.1.tgz"
  integrity sha512-OUir1A0rPNZlX//c7ksiu7crsGZTKSOXJPgtNiHGIlC9H0lO+NC6ZDYksSgBYY/thSWhnSRBv8w1lieNNGATNQ==
  dependencies:
    pg-connection-string "^2.7.0"
    pg-pool "^3.7.0"
    pg-protocol "^1.7.0"
    pg-types "^2.1.0"
    pgpass "1.x"
  optionalDependencies:
    pg-cloudflare "^1.1.1"

pgpass@1.x:
  version "1.0.5"
  resolved "https://registry.npmjs.org/pgpass/-/pgpass-1.0.5.tgz"
  integrity sha512-FdW9r/jQZhSeohs1Z3sI1yxFQNFvMcnmfuj4WBMUTxOrAyLMaTcE1aAMBiTlbMNaXvBCQuVi0R7hd8udDSP7ug==
  dependencies:
    split2 "^4.1.0"

picocolors@^1.0.0:
  version "1.1.1"
  resolved "https://registry.npmjs.org/picocolors/-/picocolors-1.1.1.tgz"
  integrity sha512-xceH2snhtb5M9liqDsmEw56le376mTZkEX/jEb/RxNFyegNul7eNslCXP9FDj/Lcu0X8KEyMceP2ntpaHrDEVA==

postcss@8.4.31:
  version "8.4.31"
  resolved "https://registry.npmjs.org/postcss/-/postcss-8.4.31.tgz"
  integrity sha512-PS08Iboia9mts/2ygV3eLpY5ghnUcfLV/EXTOW1E2qYxJKGGBUtNjN76FYHnMs36RmARn41bC0AZmn+rR0OVpQ==
  dependencies:
    nanoid "^3.3.6"
    picocolors "^1.0.0"
    source-map-js "^1.0.2"

postgres-array@~2.0.0:
  version "2.0.0"
  resolved "https://registry.npmjs.org/postgres-array/-/postgres-array-2.0.0.tgz"
  integrity sha512-VpZrUqU5A69eQyW2c5CA1jtLecCsN2U/bD6VilrFDWq5+5UIEVO7nazS3TEcHf1zuPYO/sqGvUvW62g86RXZuA==

postgres-bytea@~1.0.0:
  version "1.0.0"
  resolved "https://registry.npmjs.org/postgres-bytea/-/postgres-bytea-1.0.0.tgz"
  integrity sha512-xy3pmLuQqRBZBXDULy7KbaitYqLcmxigw14Q5sj8QBVLqEwXfeybIKVWiqAXTlcvdvb0+xkOtDbfQMOf4lST1w==

postgres-date@~1.0.4:
  version "1.0.7"
  resolved "https://registry.npmjs.org/postgres-date/-/postgres-date-1.0.7.tgz"
  integrity sha512-suDmjLVQg78nMK2UZ454hAG+OAW+HQPZ6n++TNDUX+L0+uUlLywnoxJKDou51Zm+zTCjrCl0Nq6J9C5hP9vK/Q==

postgres-interval@^1.1.0:
  version "1.2.0"
  resolved "https://registry.npmjs.org/postgres-interval/-/postgres-interval-1.2.0.tgz"
  integrity sha512-9ZhXKM/rw350N1ovuWHbGxnGh/SNJ4cnxHiM0rxE4VN41wsg8P8zWn9hv/buK00RP4WvlOyr/RBDiptyxVbkZQ==
  dependencies:
    xtend "^4.0.0"

react-dom@19.0.0-rc-66855b96-20241106:
  version "19.0.0-rc-66855b96-20241106"
  resolved "https://registry.npmjs.org/react-dom/-/react-dom-19.0.0-rc-66855b96-20241106.tgz"
  integrity sha512-D25vdaytZ1wFIRiwNU98NPQ/upS2P8Co4/oNoa02PzHbh8deWdepjm5qwZM/46OdSiGv4WSWwxP55RO9obqJEQ==
  dependencies:
    scheduler "0.25.0-rc-66855b96-20241106"

react-remove-scroll-bar@^2.3.6:
  version "2.3.6"
  resolved "https://registry.yarnpkg.com/react-remove-scroll-bar/-/react-remove-scroll-bar-2.3.6.tgz#3e585e9d163be84a010180b18721e851ac81a29c"
  integrity sha512-DtSYaao4mBmX+HDo5YWYdBWQwYIQQshUV/dVxFxK+KM26Wjwp1gZ6rv6OC3oujI6Bfu6Xyg3TwK533AQutsn/g==
  dependencies:
    react-style-singleton "^2.2.1"
    tslib "^2.0.0"

react-remove-scroll@2.6.0:
  version "2.6.0"
  resolved "https://registry.yarnpkg.com/react-remove-scroll/-/react-remove-scroll-2.6.0.tgz#fb03a0845d7768a4f1519a99fdb84983b793dc07"
  integrity sha512-I2U4JVEsQenxDAKaVa3VZ/JeJZe0/2DxPWL8Tj8yLKctQJQiZM52pn/GWFpSp8dftjM3pSAHVJZscAnC/y+ySQ==
  dependencies:
    react-remove-scroll-bar "^2.3.6"
    react-style-singleton "^2.2.1"
    tslib "^2.1.0"
    use-callback-ref "^1.3.0"
    use-sidecar "^1.1.2"

react-style-singleton@^2.2.1:
  version "2.2.1"
  resolved "https://registry.yarnpkg.com/react-style-singleton/-/react-style-singleton-2.2.1.tgz#f99e420492b2d8f34d38308ff660b60d0b1205b4"
  integrity sha512-ZWj0fHEMyWkHzKYUr2Bs/4zU6XLmq9HsgBURm7g5pAVfyn49DgUiNgY2d4lXRlYSiCif9YBGpQleewkcqddc7g==
  dependencies:
    get-nonce "^1.0.0"
    invariant "^2.2.4"
    tslib "^2.0.0"

react@19.0.0-rc-66855b96-20241106:
  version "19.0.0-rc-66855b96-20241106"
  resolved "https://registry.npmjs.org/react/-/react-19.0.0-rc-66855b96-20241106.tgz"
  integrity sha512-klH7xkT71SxRCx4hb1hly5FJB21Hz0ACyxbXYAECEqssUjtJeFUAaI2U1DgJAzkGEnvEm3DkxuBchMC/9K4ipg==

scheduler@0.25.0-rc-66855b96-20241106:
  version "0.25.0-rc-66855b96-20241106"
  resolved "https://registry.npmjs.org/scheduler/-/scheduler-0.25.0-rc-66855b96-20241106.tgz"
  integrity sha512-HQXp/Mnp/MMRSXMQF7urNFla+gmtXW/Gr1KliuR0iboTit4KvZRY8KYaq5ccCTAOJiUqQh2rE2F3wgUekmgdlA==

semver@^7.6.3:
  version "7.6.3"
  resolved "https://registry.npmjs.org/semver/-/semver-7.6.3.tgz"
  integrity sha512-oVekP1cKtI+CTDvHWYFUcMtsK/00wmAEfyqKfNdARm8u1wNVhSgaX7A8d4UuIlUI5e84iEwOhs7ZPYRmzU9U6A==

sharp@^0.33.5:
  version "0.33.5"
  resolved "https://registry.npmjs.org/sharp/-/sharp-0.33.5.tgz"
  integrity sha512-haPVm1EkS9pgvHrQ/F3Xy+hgcuMV0Wm9vfIBSiwZ05k+xgb0PkBQpGsAA/oWdDobNaZTH5ppvHtzCFbnSEwHVw==
  dependencies:
    color "^4.2.3"
    detect-libc "^2.0.3"
    semver "^7.6.3"
  optionalDependencies:
    "@img/sharp-darwin-arm64" "0.33.5"
    "@img/sharp-darwin-x64" "0.33.5"
    "@img/sharp-libvips-darwin-arm64" "1.0.4"
    "@img/sharp-libvips-darwin-x64" "1.0.4"
    "@img/sharp-libvips-linux-arm" "1.0.5"
    "@img/sharp-libvips-linux-arm64" "1.0.4"
    "@img/sharp-libvips-linux-s390x" "1.0.4"
    "@img/sharp-libvips-linux-x64" "1.0.4"
    "@img/sharp-libvips-linuxmusl-arm64" "1.0.4"
    "@img/sharp-libvips-linuxmusl-x64" "1.0.4"
    "@img/sharp-linux-arm" "0.33.5"
    "@img/sharp-linux-arm64" "0.33.5"
    "@img/sharp-linux-s390x" "0.33.5"
    "@img/sharp-linux-x64" "0.33.5"
    "@img/sharp-linuxmusl-arm64" "0.33.5"
    "@img/sharp-linuxmusl-x64" "0.33.5"
    "@img/sharp-wasm32" "0.33.5"
    "@img/sharp-win32-ia32" "0.33.5"
    "@img/sharp-win32-x64" "0.33.5"

simple-swizzle@^0.2.2:
  version "0.2.2"
  resolved "https://registry.npmjs.org/simple-swizzle/-/simple-swizzle-0.2.2.tgz"
  integrity sha512-JA//kQgZtbuY83m+xT+tXJkmJncGMTFT+C+g2h2R9uxkYIrE2yy9sgmcLhCnw57/WSD+Eh3J97FPEDFnbXnDUg==
  dependencies:
    is-arrayish "^0.3.1"

source-map-js@^1.0.2:
  version "1.2.1"
  resolved "https://registry.npmjs.org/source-map-js/-/source-map-js-1.2.1.tgz"
  integrity sha512-UXWMKhLOwVKb728IUtQPXxfYU+usdybtUrK/8uGE8CQMvrhOpwvzDBwj0QhSL7MQc7vIsISBG8VQ8+IDQxpfQA==

split2@^4.1.0:
  version "4.2.0"
  resolved "https://registry.npmjs.org/split2/-/split2-4.2.0.tgz"
  integrity sha512-UcjcJOWknrNkF6PLX83qcHM6KHgVKNkV62Y8a5uYDVv9ydGQVwAHMKqHdJje1VTWpljG0WYpCDhrCdAOYH4TWg==

streamsearch@^1.1.0:
  version "1.1.0"
  resolved "https://registry.npmjs.org/streamsearch/-/streamsearch-1.1.0.tgz"
  integrity sha512-Mcc5wHehp9aXz1ax6bZUyY5afg9u2rv5cqQI3mRrYkGC8rW2hM02jWuwjtL++LS5qinSyhj2QfLyNsuc+VsExg==

styled-jsx@5.1.6:
  version "5.1.6"
  resolved "https://registry.npmjs.org/styled-jsx/-/styled-jsx-5.1.6.tgz"
  integrity sha512-qSVyDTeMotdvQYoHWLNGwRFJHC+i+ZvdBRYosOFgC+Wg1vx4frN2/RG/NA7SYqqvKNLf39P2LSRA2pu6n0XYZA==
  dependencies:
    client-only "0.0.1"

tailwind-merge@^2.5.4:
  version "2.5.4"
  resolved "https://registry.yarnpkg.com/tailwind-merge/-/tailwind-merge-2.5.4.tgz#4bf574e81fa061adeceba099ae4df56edcee78d1"
  integrity sha512-0q8cfZHMu9nuYP/b5Shb7Y7Sh1B7Nnl5GqNr1U+n2p6+mybvRtayrQ+0042Z5byvTA8ihjlP8Odo8/VnHbZu4Q==

tailwindcss-animate@^1.0.7:
  version "1.0.7"
  resolved "https://registry.yarnpkg.com/tailwindcss-animate/-/tailwindcss-animate-1.0.7.tgz#318b692c4c42676cc9e67b19b78775742388bef4"
  integrity sha512-bl6mpH3T7I3UFxuvDEXLxy/VuFxBk5bbzplh7tXI68mwMokNYd1t9qPBHlnyTwfa4JGC4zP516I1hYYtQ/vspA==

tslib@^2.0.0, tslib@^2.1.0, tslib@^2.4.0:
  version "2.8.1"
  resolved "https://registry.npmjs.org/tslib/-/tslib-2.8.1.tgz"
  integrity sha512-oJFu94HQb+KVduSUQL7wnpmqnfmLsOA/nAh6b6EH0wCEoK0/mPeXU6c3wKDV83MkOuHPRHtSXKKU99IBazS/2w==

universal-github-app-jwt@^2.2.0:
  version "2.2.0"
  resolved "https://registry.npmjs.org/universal-github-app-jwt/-/universal-github-app-jwt-2.2.0.tgz"
  integrity sha512-G5o6f95b5BggDGuUfKDApKaCgNYy2x7OdHY0zSMF081O0EJobw+1130VONhrA7ezGSV2FNOGyM+KQpQZAr9bIQ==

universal-user-agent@^7.0.0, universal-user-agent@^7.0.2:
  version "7.0.2"
  resolved "https://registry.npmjs.org/universal-user-agent/-/universal-user-agent-7.0.2.tgz"
  integrity sha512-0JCqzSKnStlRRQfCdowvqy3cy0Dvtlb8xecj/H8JFZuCze4rwjPZQOgvFvn0Ws/usCHQFGpyr+pB9adaGwXn4Q==

use-callback-ref@^1.3.0:
  version "1.3.2"
  resolved "https://registry.yarnpkg.com/use-callback-ref/-/use-callback-ref-1.3.2.tgz#6134c7f6ff76e2be0b56c809b17a650c942b1693"
  integrity sha512-elOQwe6Q8gqZgDA8mrh44qRTQqpIHDcZ3hXTLjBe1i4ph8XpNJnO+aQf3NaG+lriLopI4HMx9VjQLfPQ6vhnoA==
  dependencies:
    tslib "^2.0.0"

use-sidecar@^1.1.2:
  version "1.1.2"
  resolved "https://registry.yarnpkg.com/use-sidecar/-/use-sidecar-1.1.2.tgz#2f43126ba2d7d7e117aa5855e5d8f0276dfe73c2"
  integrity sha512-epTbsLuzZ7lPClpz2TyryBfztm7m+28DlEv2ZCQ3MDr5ssiwyOwGH/e5F9CkfWjJ1t4clvI58yF822/GUkjjhw==
  dependencies:
    detect-node-es "^1.1.0"
    tslib "^2.0.0"

xtend@^4.0.0:
  version "4.0.2"
  resolved "https://registry.npmjs.org/xtend/-/xtend-4.0.2.tgz"
  integrity sha512-LKYU1iAXJXUgAXn9URjiu+MWhyUXHsvfp7mcuYm9dSUKK0/CjtrUwFAxD82/mCWbtLsGjFIad0wIsod4zrTAEQ==

zod@^3.23.8:
  version "3.23.8"
  resolved "https://registry.yarnpkg.com/zod/-/zod-3.23.8.tgz#e37b957b5d52079769fb8097099b592f0ef4067d"
  integrity sha512-XBx9AXhXktjUqnepgTiE5flcKIYWi/rme0Eaj+5Y0lftuGBq+jyRu/md4WnuxqgP1ubdpNCsYEYPxrzVHD8d6g==
